
Microsoft Visual Studio Solution File, Format Version 12.00
# Visual Studio Version 16
VisualStudioVersion = 16.0.32901.82
MinimumVisualStudioVersion = 10.0.40219.1
Project("{FAE04EC0-301F-11D3-BF4B-00C04F79EFBC}") = "WpfApp1", "WpfApp1\WpfApp1.csproj", "{017DEF5C-08B4-4476-B922-350EDA12101B}"
EndProject
Global
	GlobalSection(SolutionConfigurationPlatforms) = preSolution
		Debug|Any CPU = Debug|Any CPU
		Release|Any CPU = Release|Any CPU
	EndGlobalSection
	GlobalSection(ProjectConfigurationPlatforms) = postSolution
		{017DEF5C-08B4-4476-B922-350EDA12101B}.Debug|Any CPU.ActiveCfg = Debug|Any CPU
		{017DEF5C-08B4-4476-B922-350EDA12101B}.Debug|Any CPU.Build.0 = Debug|Any CPU
		{017DEF5C-08B4-4476-B922-350EDA12101B}.Release|Any CPU.ActiveCfg = Release|Any CPU
		{017DEF5C-08B4-4476-B922-350EDA12101B}.Release|Any CPU.Build.0 = Release|Any CPU
	EndGlobalSection
	GlobalSection(SolutionProperties) = preSolution
		HideSolutionNode = FALSE
	EndGlobalSection
	GlobalSection(ExtensibilityGlobals) = postSolution
		SolutionGuid = {6110DCD8-AFA6-4995-AFD5-174F6399ED9D}
	EndGlobalSection
EndGlobal
